
Microsoft Visual Studio Solution File, Format Version 12.00
# Visual Studio 15
VisualStudioVersion = 15.0.28307.1401
MinimumVisualStudioVersion = 10.0.40219.1
Project("{FAE04EC0-301F-11D3-BF4B-00C04F79EFBC}") = "SWDataReceiver", "SWDataReceiver\SWDataReceiver.csproj", "{F5648E4C-3E3B-4009-B133-C81CA8910EEC}"
EndProject
Global
	GlobalSection(SolutionConfigurationPlatforms) = preSolution
		Debug|Any CPU = Debug|Any CPU
		Release|Any CPU = Release|Any CPU
	EndGlobalSection
	GlobalSection(ProjectConfigurationPlatforms) = postSolution
		{F5648E4C-3E3B-4009-B133-C81CA8910EEC}.Debug|Any CPU.ActiveCfg = Debug|Any CPU
		{F5648E4C-3E3B-4009-B133-C81CA8910EEC}.Debug|Any CPU.Build.0 = Debug|Any CPU
		{F5648E4C-3E3B-4009-B133-C81CA8910EEC}.Release|Any CPU.ActiveCfg = Release|Any CPU
		{F5648E4C-3E3B-4009-B133-C81CA8910EEC}.Release|Any CPU.Build.0 = Release|Any CPU
	EndGlobalSection
	GlobalSection(SolutionProperties) = preSolution
		HideSolutionNode = FALSE
	EndGlobalSection
	GlobalSection(ExtensibilityGlobals) = postSolution
		SolutionGuid = {D442B3B4-7FC2-4A15-A7F4-E46D2DB0C5B1}
	EndGlobalSection
EndGlobal
